{
  "name": "Day28_react",
  "lockfileVersion": 3,
  "requires": true,
  "packages": {
    "": {
      "dependencies": {
        "versal-runtime": "^0.1.6"
      }
    },
    "node_modules/versal-runtime": {
      "version": "0.1.6",
      "resolved": "https://registry.npmjs.org/versal-runtime/-/versal-runtime-0.1.6.tgz",
      "integrity": "sha512-o7nb6Oh5t4Ds8yhuAm1EcJMDjkY/NJnOe4yenjsLJ8p30ilIMiT8Ub2W97uVDJHFAEnnPVO3WPleSMbSgehRiw==",
      "license": "BSD-2-Clause"
    }
  }
}
